// !$*UTF8*$!
{
	archiveVersion = 1;
	classes = {
	};
	objectVersion = 55;
	objects = {

/* Begin PBXBuildFile section */
		8425453A28871D5500100EDF /* MapViewController.swift in Sources */ = {isa = PBXBuildFile; fileRef = 8425453928871D5500100EDF /* MapViewController.swift */; };
		8425453D2887226300100EDF /* TableCell.swift in Sources */ = {isa = PBXBuildFile; fileRef = 8425453C2887226300100EDF /* TableCell.swift */; };
		84D284492887983500F5C32A /* InputLocationViewController.swift in Sources */ = {isa = PBXBuildFile; fileRef = 84D284482887983500F5C32A /* InputLocationViewController.swift */; };
		84D2844C28880ED500F5C32A /* UdacityClient.swift in Sources */ = {isa = PBXBuildFile; fileRef = 84D2844B28880ED500F5C32A /* UdacityClient.swift */; };
		84D2844E28880EE600F5C32A /* RequestHelpers.swift in Sources */ = {isa = PBXBuildFile; fileRef = 84D2844D28880EE600F5C32A /* RequestHelpers.swift */; };
		84D284512888159700F5C32A /* LoginRequest.swift in Sources */ = {isa = PBXBuildFile; fileRef = 84D284502888159700F5C32A /* LoginRequest.swift */; };
		84D2845328881C0B00F5C32A /* Session.swift in Sources */ = {isa = PBXBuildFile; fileRef = 84D2845228881C0B00F5C32A /* Session.swift */; };
		84D2845528881C2200F5C32A /* Account.swift in Sources */ = {isa = PBXBuildFile; fileRef = 84D2845428881C2200F5C32A /* Account.swift */; };
		84D2845728881C3D00F5C32A /* LoginResponse.swift in Sources */ = {isa = PBXBuildFile; fileRef = 84D2845628881C3D00F5C32A /* LoginResponse.swift */; };
		84D2845D28882DBB00F5C32A /* UIViewControllerExtension.swift in Sources */ = {isa = PBXBuildFile; fileRef = 84D2845C28882DBB00F5C32A /* UIViewControllerExtension.swift */; };
		84D2845F288830E600F5C32A /* ListTableViewController.swift in Sources */ = {isa = PBXBuildFile; fileRef = 84D2845E288830E600F5C32A /* ListTableViewController.swift */; };
		84D284612888371B00F5C32A /* StudentInformation.swift in Sources */ = {isa = PBXBuildFile; fileRef = 84D284602888371B00F5C32A /* StudentInformation.swift */; };
		84D284632888372E00F5C32A /* StudentLocation.swift in Sources */ = {isa = PBXBuildFile; fileRef = 84D284622888372E00F5C32A /* StudentLocation.swift */; };
		84D28465288850AE00F5C32A /* UITextFieldExtension.swift in Sources */ = {isa = PBXBuildFile; fileRef = 84D28464288850AE00F5C32A /* UITextFieldExtension.swift */; };
		84D28467288851D800F5C32A /* ConfirmLocationViewController.swift in Sources */ = {isa = PBXBuildFile; fileRef = 84D28466288851D800F5C32A /* ConfirmLocationViewController.swift */; };
		84D284692888553500F5C32A /* PostLocationResponse.swift in Sources */ = {isa = PBXBuildFile; fileRef = 84D284682888553500F5C32A /* PostLocationResponse.swift */; };
		84D2846B2888656500F5C32A /* Location.swift in Sources */ = {isa = PBXBuildFile; fileRef = 84D2846A2888656500F5C32A /* Location.swift */; };
		84D2846D2888EDBA00F5C32A /* UpdateLocationResponse.swift in Sources */ = {isa = PBXBuildFile; fileRef = 84D2846C2888EDBA00F5C32A /* UpdateLocationResponse.swift */; };
		84D2846F2888F40300F5C32A /* UserProfile.swift in Sources */ = {isa = PBXBuildFile; fileRef = 84D2846E2888F40300F5C32A /* UserProfile.swift */; };
		84D284712889046500F5C32A /* Constant.swift in Sources */ = {isa = PBXBuildFile; fileRef = 84D284702889046500F5C32A /* Constant.swift */; };
		84E5A889288553F300C76414 /* AppDelegate.swift in Sources */ = {isa = PBXBuildFile; fileRef = 84E5A888288553F300C76414 /* AppDelegate.swift */; };
		84E5A88B288553F300C76414 /* SceneDelegate.swift in Sources */ = {isa = PBXBuildFile; fileRef = 84E5A88A288553F300C76414 /* SceneDelegate.swift */; };
		84E5A88D288553F300C76414 /* LoginViewController.swift in Sources */ = {isa = PBXBuildFile; fileRef = 84E5A88C288553F300C76414 /* LoginViewController.swift */; };
		84E5A890288553F300C76414 /* Main.storyboard in Resources */ = {isa = PBXBuildFile; fileRef = 84E5A88E288553F300C76414 /* Main.storyboard */; };
		84E5A892288553F600C76414 /* Assets.xcassets in Resources */ = {isa = PBXBuildFile; fileRef = 84E5A891288553F600C76414 /* Assets.xcassets */; };
		84E5A895288553F600C76414 /* LaunchScreen.storyboard in Resources */ = {isa = PBXBuildFile; fileRef = 84E5A893288553F600C76414 /* LaunchScreen.storyboard */; };
/* End PBXBuildFile section */

/* Begin PBXFileReference section */
		8425453928871D5500100EDF /* MapViewController.swift */ = {isa = PBXFileReference; lastKnownFileType = sourcecode.swift; path = MapViewController.swift; sourceTree = "<group>"; };
		8425453C2887226300100EDF /* TableCell.swift */ = {isa = PBXFileReference; lastKnownFileType = sourcecode.swift; path = TableCell.swift; sourceTree = "<group>"; };
		84D284482887983500F5C32A /* InputLocationViewController.swift */ = {isa = PBXFileReference; lastKnownFileType = sourcecode.swift; path = InputLocationViewController.swift; sourceTree = "<group>"; };
		84D2844B28880ED500F5C32A /* UdacityClient.swift */ = {isa = PBXFileReference; lastKnownFileType = sourcecode.swift; path = UdacityClient.swift; sourceTree = "<group>"; };
		84D2844D28880EE600F5C32A /* RequestHelpers.swift */ = {isa = PBXFileReference; lastKnownFileType = sourcecode.swift; path = RequestHelpers.swift; sourceTree = "<group>"; };
		84D284502888159700F5C32A /* LoginRequest.swift */ = {isa = PBXFileReference; lastKnownFileType = sourcecode.swift; path = LoginRequest.swift; sourceTree = "<group>"; };
		84D2845228881C0B00F5C32A /* Session.swift */ = {isa = PBXFileReference; lastKnownFileType = sourcecode.swift; path = Session.swift; sourceTree = "<group>"; };
		84D2845428881C2200F5C32A /* Account.swift */ = {isa = PBXFileReference; lastKnownFileType = sourcecode.swift; path = Account.swift; sourceTree = "<group>"; };
		84D2845628881C3D00F5C32A /* LoginResponse.swift */ = {isa = PBXFileReference; lastKnownFileType = sourcecode.swift; path = LoginResponse.swift; sourceTree = "<group>"; };
		84D2845C28882DBB00F5C32A /* UIViewControllerExtension.swift */ = {isa = PBXFileReference; lastKnownFileType = sourcecode.swift; path = UIViewControllerExtension.swift; sourceTree = "<group>"; };
		84D2845E288830E600F5C32A /* ListTableViewController.swift */ = {isa = PBXFileReference; lastKnownFileType = sourcecode.swift; path = ListTableViewController.swift; sourceTree = "<group>"; };
		84D284602888371B00F5C32A /* StudentInformation.swift */ = {isa = PBXFileReference; lastKnownFileType = sourcecode.swift; path = StudentInformation.swift; sourceTree = "<group>"; };
		84D284622888372E00F5C32A /* StudentLocation.swift */ = {isa = PBXFileReference; lastKnownFileType = sourcecode.swift; path = StudentLocation.swift; sourceTree = "<group>"; };
		84D28464288850AE00F5C32A /* UITextFieldExtension.swift */ = {isa = PBXFileReference; lastKnownFileType = sourcecode.swift; path = UITextFieldExtension.swift; sourceTree = "<group>"; };
		84D28466288851D800F5C32A /* ConfirmLocationViewController.swift */ = {isa = PBXFileReference; lastKnownFileType = sourcecode.swift; path = ConfirmLocationViewController.swift; sourceTree = "<group>"; };
		84D284682888553500F5C32A /* PostLocationResponse.swift */ = {isa = PBXFileReference; lastKnownFileType = sourcecode.swift; path = PostLocationResponse.swift; sourceTree = "<group>"; };
		84D2846A2888656500F5C32A /* Location.swift */ = {isa = PBXFileReference; lastKnownFileType = sourcecode.swift; path = Location.swift; sourceTree = "<group>"; };
		84D2846C2888EDBA00F5C32A /* UpdateLocationResponse.swift */ = {isa = PBXFileReference; lastKnownFileType = sourcecode.swift; path = UpdateLocationResponse.swift; sourceTree = "<group>"; };
		84D2846E2888F40300F5C32A /* UserProfile.swift */ = {isa = PBXFileReference; lastKnownFileType = sourcecode.swift; path = UserProfile.swift; sourceTree = "<group>"; };
		84D284702889046500F5C32A /* Constant.swift */ = {isa = PBXFileReference; lastKnownFileType = sourcecode.swift; path = Constant.swift; sourceTree = "<group>"; };
		84E5A885288553F300C76414 /* OnTheMap.app */ = {isa = PBXFileReference; explicitFileType = wrapper.application; includeInIndex = 0; path = OnTheMap.app; sourceTree = BUILT_PRODUCTS_DIR; };
		84E5A888288553F300C76414 /* AppDelegate.swift */ = {isa = PBXFileReference; lastKnownFileType = sourcecode.swift; path = AppDelegate.swift; sourceTree = "<group>"; };
		84E5A88A288553F300C76414 /* SceneDelegate.swift */ = {isa = PBXFileReference; lastKnownFileType = sourcecode.swift; path = SceneDelegate.swift; sourceTree = "<group>"; };
		84E5A88C288553F300C76414 /* LoginViewController.swift */ = {isa = PBXFileReference; lastKnownFileType = sourcecode.swift; path = LoginViewController.swift; sourceTree = "<group>"; };
		84E5A88F288553F300C76414 /* Base */ = {isa = PBXFileReference; lastKnownFileType = file.storyboard; name = Base; path = Base.lproj/Main.storyboard; sourceTree = "<group>"; };
		84E5A891288553F600C76414 /* Assets.xcassets */ = {isa = PBXFileReference; lastKnownFileType = folder.assetcatalog; path = Assets.xcassets; sourceTree = "<group>"; };
		84E5A894288553F600C76414 /* Base */ = {isa = PBXFileReference; lastKnownFileType = file.storyboard; name = Base; path = Base.lproj/LaunchScreen.storyboard; sourceTree = "<group>"; };
		84E5A896288553F600C76414 /* Info.plist */ = {isa = PBXFileReference; lastKnownFileType = text.plist.xml; path = Info.plist; sourceTree = "<group>"; };
/* End PBXFileReference section */

/* Begin PBXFrameworksBuildPhase section */
		84E5A882288553F300C76414 /* Frameworks */ = {
			isa = PBXFrameworksBuildPhase;
			buildActionMask = 2147483647;
			files = (
			);
			runOnlyForDeploymentPostprocessing = 0;
		};
/* End PBXFrameworksBuildPhase section */

/* Begin PBXGroup section */
		8425453B2887225300100EDF /* Cell */ = {
			isa = PBXGroup;
			children = (
				8425453C2887226300100EDF /* TableCell.swift */,
			);
			path = Cell;
			sourceTree = "<group>";
		};
		84D2844A28880EAD00F5C32A /* Networking */ = {
			isa = PBXGroup;
			children = (
				84D2844B28880ED500F5C32A /* UdacityClient.swift */,
				84D2844D28880EE600F5C32A /* RequestHelpers.swift */,
			);
			path = Networking;
			sourceTree = "<group>";
		};
		84D2844F2888158A00F5C32A /* Models */ = {
			isa = PBXGroup;
			children = (
				84D284502888159700F5C32A /* LoginRequest.swift */,
				84D2845228881C0B00F5C32A /* Session.swift */,
				84D2845428881C2200F5C32A /* Account.swift */,
				84D2845628881C3D00F5C32A /* LoginResponse.swift */,
				84D284602888371B00F5C32A /* StudentInformation.swift */,
				84D284622888372E00F5C32A /* StudentLocation.swift */,
				84D284682888553500F5C32A /* PostLocationResponse.swift */,
				84D2846A2888656500F5C32A /* Location.swift */,
				84D2846C2888EDBA00F5C32A /* UpdateLocationResponse.swift */,
				84D2846E2888F40300F5C32A /* UserProfile.swift */,
			);
			path = Models;
			sourceTree = "<group>";
		};
		84D2845B28882DAB00F5C32A /* Utils */ = {
			isa = PBXGroup;
			children = (
				84D2845C28882DBB00F5C32A /* UIViewControllerExtension.swift */,
				84D28464288850AE00F5C32A /* UITextFieldExtension.swift */,
				84D284702889046500F5C32A /* Constant.swift */,
			);
			path = Utils;
			sourceTree = "<group>";
		};
		84E5A87C288553F300C76414 = {
			isa = PBXGroup;
			children = (
				84E5A887288553F300C76414 /* OnTheMap */,
				84E5A886288553F300C76414 /* Products */,
			);
			sourceTree = "<group>";
		};
		84E5A886288553F300C76414 /* Products */ = {
			isa = PBXGroup;
			children = (
				84E5A885288553F300C76414 /* OnTheMap.app */,
			);
			name = Products;
			sourceTree = "<group>";
		};
		84E5A887288553F300C76414 /* OnTheMap */ = {
			isa = PBXGroup;
			children = (
				84D2845B28882DAB00F5C32A /* Utils */,
				84D2844F2888158A00F5C32A /* Models */,
				84D2844A28880EAD00F5C32A /* Networking */,
				84E5A89C2885543400C76414 /* ViewControllers */,
				84E5A888288553F300C76414 /* AppDelegate.swift */,
				84E5A88A288553F300C76414 /* SceneDelegate.swift */,
				84E5A88E288553F300C76414 /* Main.storyboard */,
				84E5A891288553F600C76414 /* Assets.xcassets */,
				84E5A893288553F600C76414 /* LaunchScreen.storyboard */,
				84E5A896288553F600C76414 /* Info.plist */,
			);
			path = OnTheMap;
			sourceTree = "<group>";
		};
		84E5A89C2885543400C76414 /* ViewControllers */ = {
			isa = PBXGroup;
			children = (
				8425453B2887225300100EDF /* Cell */,
				84E5A88C288553F300C76414 /* LoginViewController.swift */,
				8425453928871D5500100EDF /* MapViewController.swift */,
				84D284482887983500F5C32A /* InputLocationViewController.swift */,
				84D2845E288830E600F5C32A /* ListTableViewController.swift */,
				84D28466288851D800F5C32A /* ConfirmLocationViewController.swift */,
			);
			path = ViewControllers;
			sourceTree = "<group>";
		};
/* End PBXGroup section */

/* Begin PBXNativeTarget section */
		84E5A884288553F300C76414 /* OnTheMap */ = {
			isa = PBXNativeTarget;
			buildConfigurationList = 84E5A899288553F600C76414 /* Build configuration list for PBXNativeTarget "OnTheMap" */;
			buildPhases = (
				84E5A881288553F300C76414 /* Sources */,
				84E5A882288553F300C76414 /* Frameworks */,
				84E5A883288553F300C76414 /* Resources */,
			);
			buildRules = (
			);
			dependencies = (
			);
			name = OnTheMap;
			productName = OnTheMap;
			productReference = 84E5A885288553F300C76414 /* OnTheMap.app */;
			productType = "com.apple.product-type.application";
		};
/* End PBXNativeTarget section */

/* Begin PBXProject section */
		84E5A87D288553F300C76414 /* Project object */ = {
			isa = PBXProject;
			attributes = {
				BuildIndependentTargetsInParallel = 1;
				LastSwiftUpdateCheck = 1340;
				LastUpgradeCheck = 1340;
				TargetAttributes = {
					84E5A884288553F300C76414 = {
						CreatedOnToolsVersion = 13.4.1;
					};
				};
			};
			buildConfigurationList = 84E5A880288553F300C76414 /* Build configuration list for PBXProject "OnTheMap" */;
			compatibilityVersion = "Xcode 13.0";
			developmentRegion = en;
			hasScannedForEncodings = 0;
			knownRegions = (
				en,
				Base,
			);
			mainGroup = 84E5A87C288553F300C76414;
			productRefGroup = 84E5A886288553F300C76414 /* Products */;
			projectDirPath = "";
			projectRoot = "";
			targets = (
				84E5A884288553F300C76414 /* OnTheMap */,
			);
		};
/* End PBXProject section */

/* Begin PBXResourcesBuildPhase section */
		84E5A883288553F300C76414 /* Resources */ = {
			isa = PBXResourcesBuildPhase;
			buildActionMask = 2147483647;
			files = (
				84E5A895288553F600C76414 /* LaunchScreen.storyboard in Resources */,
				84E5A892288553F600C76414 /* Assets.xcassets in Resources */,
				84E5A890288553F300C76414 /* Main.storyboard in Resources */,
			);
			runOnlyForDeploymentPostprocessing = 0;
		};
/* End PBXResourcesBuildPhase section */

/* Begin PBXSourcesBuildPhase section */
		84E5A881288553F300C76414 /* Sources */ = {
			isa = PBXSourcesBuildPhase;
			buildActionMask = 2147483647;
			files = (
				84D2846D2888EDBA00F5C32A /* UpdateLocationResponse.swift in Sources */,
				84D284632888372E00F5C32A /* StudentLocation.swift in Sources */,
				84D2845328881C0B00F5C32A /* Session.swift in Sources */,
				84D2845528881C2200F5C32A /* Account.swift in Sources */,
				84D2845728881C3D00F5C32A /* LoginResponse.swift in Sources */,
				84D284692888553500F5C32A /* PostLocationResponse.swift in Sources */,
				84D284612888371B00F5C32A /* StudentInformation.swift in Sources */,
				84D28465288850AE00F5C32A /* UITextFieldExtension.swift in Sources */,
				84D284512888159700F5C32A /* LoginRequest.swift in Sources */,
				8425453D2887226300100EDF /* TableCell.swift in Sources */,
				84D284712889046500F5C32A /* Constant.swift in Sources */,
				84E5A88D288553F300C76414 /* LoginViewController.swift in Sources */,
				84D2846B2888656500F5C32A /* Location.swift in Sources */,
				84E5A889288553F300C76414 /* AppDelegate.swift in Sources */,
				84E5A88B288553F300C76414 /* SceneDelegate.swift in Sources */,
				84D2844E28880EE600F5C32A /* RequestHelpers.swift in Sources */,
				84D2845D28882DBB00F5C32A /* UIViewControllerExtension.swift in Sources */,
				84D2846F2888F40300F5C32A /* UserProfile.swift in Sources */,
				84D284492887983500F5C32A /* InputLocationViewController.swift in Sources */,
				84D28467288851D800F5C32A /* ConfirmLocationViewController.swift in Sources */,
				84D2844C28880ED500F5C32A /* UdacityClient.swift in Sources */,
				8425453A28871D5500100EDF /* MapViewController.swift in Sources */,
				84D2845F288830E600F5C32A /* ListTableViewController.swift in Sources */,
			);
			runOnlyForDeploymentPostprocessing = 0;
		};
/* End PBXSourcesBuildPhase section */

/* Begin PBXVariantGroup section */
		84E5A88E288553F300C76414 /* Main.storyboard */ = {
			isa = PBXVariantGroup;
			children = (
				84E5A88F288553F300C76414 /* Base */,
			);
			name = Main.storyboard;
			sourceTree = "<group>";
		};
		84E5A893288553F600C76414 /* LaunchScreen.storyboard */ = {
			isa = PBXVariantGroup;
			children = (
				84E5A894288553F600C76414 /* Base */,
			);
			name = LaunchScreen.storyboard;
			sourceTree = "<group>";
		};
/* End PBXVariantGroup section */

/* Begin XCBuildConfiguration section */
		84E5A897288553F600C76414 /* Debug */ = {
			isa = XCBuildConfiguration;
			buildSettings = {
				ALWAYS_SEARCH_USER_PATHS = NO;
				CLANG_ANALYZER_NONNULL = YES;
				CLANG_ANALYZER_NUMBER_OBJECT_CONVERSION = YES_AGGRESSIVE;
				CLANG_CXX_LANGUAGE_STANDARD = "gnu++17";
				CLANG_ENABLE_MODULES = YES;
				CLANG_ENABLE_OBJC_ARC = YES;
				CLANG_ENABLE_OBJC_WEAK = YES;
				CLANG_WARN_BLOCK_CAPTURE_AUTORELEASING = YES;
				CLANG_WARN_BOOL_CONVERSION = YES;
				CLANG_WARN_COMMA = YES;
				CLANG_WARN_CONSTANT_CONVERSION = YES;
				CLANG_WARN_DEPRECATED_OBJC_IMPLEMENTATIONS = YES;
				CLANG_WARN_DIRECT_OBJC_ISA_USAGE = YES_ERROR;
				CLANG_WARN_DOCUMENTATION_COMMENTS = YES;
				CLANG_WARN_EMPTY_BODY = YES;
				CLANG_WARN_ENUM_CONVERSION = YES;
				CLANG_WARN_INFINITE_RECURSION = YES;
				CLANG_WARN_INT_CONVERSION = YES;
				CLANG_WARN_NON_LITERAL_NULL_CONVERSION = YES;
				CLANG_WARN_OBJC_IMPLICIT_RETAIN_SELF = YES;
				CLANG_WARN_OBJC_LITERAL_CONVERSION = YES;
				CLANG_WARN_OBJC_ROOT_CLASS = YES_ERROR;
				CLANG_WARN_QUOTED_INCLUDE_IN_FRAMEWORK_HEADER = YES;
				CLANG_WARN_RANGE_LOOP_ANALYSIS = YES;
				CLANG_WARN_STRICT_PROTOTYPES = YES;
				CLANG_WARN_SUSPICIOUS_MOVE = YES;
				CLANG_WARN_UNGUARDED_AVAILABILITY = YES_AGGRESSIVE;
				CLANG_WARN_UNREACHABLE_CODE = YES;
				CLANG_WARN__DUPLICATE_METHOD_MATCH = YES;
				COPY_PHASE_STRIP = NO;
				DEBUG_INFORMATION_FORMAT = dwarf;
				ENABLE_STRICT_OBJC_MSGSEND = YES;
				ENABLE_TESTABILITY = YES;
				GCC_C_LANGUAGE_STANDARD = gnu11;
				GCC_DYNAMIC_NO_PIC = NO;
				GCC_NO_COMMON_BLOCKS = YES;
				GCC_OPTIMIZATION_LEVEL = 0;
				GCC_PREPROCESSOR_DEFINITIONS = (
					"DEBUG=1",
					"$(inherited)",
				);
				GCC_WARN_64_TO_32_BIT_CONVERSION = YES;
				GCC_WARN_ABOUT_RETURN_TYPE = YES_ERROR;
				GCC_WARN_UNDECLARED_SELECTOR = YES;
				GCC_WARN_UNINITIALIZED_AUTOS = YES_AGGRESSIVE;
				GCC_WARN_UNUSED_FUNCTION = YES;
				GCC_WARN_UNUSED_VARIABLE = YES;
				IPHONEOS_DEPLOYMENT_TARGET = 15.5;
				MTL_ENABLE_DEBUG_INFO = INCLUDE_SOURCE;
				MTL_FAST_MATH = YES;
				ONLY_ACTIVE_ARCH = YES;
				SDKROOT = iphoneos;
				SWIFT_ACTIVE_COMPILATION_CONDITIONS = DEBUG;
				SWIFT_OPTIMIZATION_LEVEL = "-Onone";
			};
			name = Debug;
		};
		84E5A898288553F600C76414 /* Release */ = {
			isa = XCBuildConfiguration;
			buildSettings = {
				ALWAYS_SEARCH_USER_PATHS = NO;
				CLANG_ANALYZER_NONNULL = YES;
				CLANG_ANALYZER_NUMBER_OBJECT_CONVERSION = YES_AGGRESSIVE;
				CLANG_CXX_LANGUAGE_STANDARD = "gnu++17";
				CLANG_ENABLE_MODULES = YES;
				CLANG_ENABLE_OBJC_ARC = YES;
				CLANG_ENABLE_OBJC_WEAK = YES;
				CLANG_WARN_BLOCK_CAPTURE_AUTORELEASING = YES;
				CLANG_WARN_BOOL_CONVERSION = YES;
				CLANG_WARN_COMMA = YES;
				CLANG_WARN_CONSTANT_CONVERSION = YES;
				CLANG_WARN_DEPRECATED_OBJC_IMPLEMENTATIONS = YES;
				CLANG_WARN_DIRECT_OBJC_ISA_USAGE = YES_ERROR;
				CLANG_WARN_DOCUMENTATION_COMMENTS = YES;
				CLANG_WARN_EMPTY_BODY = YES;
				CLANG_WARN_ENUM_CONVERSION = YES;
				CLANG_WARN_INFINITE_RECURSION = YES;
				CLANG_WARN_INT_CONVERSION = YES;
				CLANG_WARN_NON_LITERAL_NULL_CONVERSION = YES;
				CLANG_WARN_OBJC_IMPLICIT_RETAIN_SELF = YES;
				CLANG_WARN_OBJC_LITERAL_CONVERSION = YES;
				CLANG_WARN_OBJC_ROOT_CLASS = YES_ERROR;
				CLANG_WARN_QUOTED_INCLUDE_IN_FRAMEWORK_HEADER = YES;
				CLANG_WARN_RANGE_LOOP_ANALYSIS = YES;
				CLANG_WARN_STRICT_PROTOTYPES = YES;
				CLANG_WARN_SUSPICIOUS_MOVE = YES;
				CLANG_WARN_UNGUARDED_AVAILABILITY = YES_AGGRESSIVE;
				CLANG_WARN_UNREACHABLE_CODE = YES;
				CLANG_WARN__DUPLICATE_METHOD_MATCH = YES;
				COPY_PHASE_STRIP = NO;
				DEBUG_INFORMATION_FORMAT = "dwarf-with-dsym";
				ENABLE_NS_ASSERTIONS = NO;
				ENABLE_STRICT_OBJC_MSGSEND = YES;
				GCC_C_LANGUAGE_STANDARD = gnu11;
				GCC_NO_COMMON_BLOCKS = YES;
				GCC_WARN_64_TO_32_BIT_CONVERSION = YES;
				GCC_WARN_ABOUT_RETURN_TYPE = YES_ERROR;
				GCC_WARN_UNDECLARED_SELECTOR = YES;
				GCC_WARN_UNINITIALIZED_AUTOS = YES_AGGRESSIVE;
				GCC_WARN_UNUSED_FUNCTION = YES;
				GCC_WARN_UNUSED_VARIABLE = YES;
				IPHONEOS_DEPLOYMENT_TARGET = 15.5;
				MTL_ENABLE_DEBUG_INFO = NO;
				MTL_FAST_MATH = YES;
				SDKROOT = iphoneos;
				SWIFT_COMPILATION_MODE = wholemodule;
				SWIFT_OPTIMIZATION_LEVEL = "-O";
				VALIDATE_PRODUCT = YES;
			};
			name = Release;
		};
		84E5A89A288553F600C76414 /* Debug */ = {
			isa = XCBuildConfiguration;
			buildSettings = {
				ASSETCATALOG_COMPILER_APPICON_NAME = AppIcon;
				ASSETCATALOG_COMPILER_GLOBAL_ACCENT_COLOR_NAME = AccentColor;
				CODE_SIGN_STYLE = Automatic;
				CURRENT_PROJECT_VERSION = 1;
				GENERATE_INFOPLIST_FILE = YES;
				INFOPLIST_FILE = OnTheMap/Info.plist;
				INFOPLIST_KEY_UIApplicationSupportsIndirectInputEvents = YES;
				INFOPLIST_KEY_UILaunchStoryboardName = LaunchScreen;
				INFOPLIST_KEY_UIMainStoryboardFile = Main;
				INFOPLIST_KEY_UISupportedInterfaceOrientations_iPad = "UIInterfaceOrientationPortrait UIInterfaceOrientationPortraitUpsideDown UIInterfaceOrientationLandscapeLeft UIInterfaceOrientationLandscapeRight";
				INFOPLIST_KEY_UISupportedInterfaceOrientations_iPhone = "UIInterfaceOrientationPortrait UIInterfaceOrientationLandscapeLeft UIInterfaceOrientationLandscapeRight";
				LD_RUNPATH_SEARCH_PATHS = (
					"$(inherited)",
					"@executable_path/Frameworks",
				);
				MARKETING_VERSION = 1.0;
				PRODUCT_BUNDLE_IDENTIFIER = hiutrun.OnTheMap;
				PRODUCT_NAME = "$(TARGET_NAME)";
				SWIFT_EMIT_LOC_STRINGS = YES;
				SWIFT_VERSION = 5.0;
				TARGETED_DEVICE_FAMILY = "1,2";
			};
			name = Debug;
		};
		84E5A89B288553F600C76414 /* Release */ = {
			isa = XCBuildConfiguration;
			buildSettings = {
				ASSETCATALOG_COMPILER_APPICON_NAME = AppIcon;
				ASSETCATALOG_COMPILER_GLOBAL_ACCENT_COLOR_NAME = AccentColor;
				CODE_SIGN_STYLE = Automatic;
				CURRENT_PROJECT_VERSION = 1;
				GENERATE_INFOPLIST_FILE = YES;
				INFOPLIST_FILE = OnTheMap/Info.plist;
				INFOPLIST_KEY_UIApplicationSupportsIndirectInputEvents = YES;
				INFOPLIST_KEY_UILaunchStoryboardName = LaunchScreen;
				INFOPLIST_KEY_UIMainStoryboardFile = Main;
				INFOPLIST_KEY_UISupportedInterfaceOrientations_iPad = "UIInterfaceOrientationPortrait UIInterfaceOrientationPortraitUpsideDown UIInterfaceOrientationLandscapeLeft UIInterfaceOrientationLandscapeRight";
				INFOPLIST_KEY_UISupportedInterfaceOrientations_iPhone = "UIInterfaceOrientationPortrait UIInterfaceOrientationLandscapeLeft UIInterfaceOrientationLandscapeRight";
				LD_RUNPATH_SEARCH_PATHS = (
					"$(inherited)",
					"@executable_path/Frameworks",
				);
				MARKETING_VERSION = 1.0;
				PRODUCT_BUNDLE_IDENTIFIER = hiutrun.OnTheMap;
				PRODUCT_NAME = "$(TARGET_NAME)";
				SWIFT_EMIT_LOC_STRINGS = YES;
				SWIFT_VERSION = 5.0;
				TARGETED_DEVICE_FAMILY = "1,2";
			};
			name = Release;
		};
/* End XCBuildConfiguration section */

/* Begin XCConfigurationList section */
		84E5A880288553F300C76414 /* Build configuration list for PBXProject "OnTheMap" */ = {
			isa = XCConfigurationList;
			buildConfigurations = (
				84E5A897288553F600C76414 /* Debug */,
				84E5A898288553F600C76414 /* Release */,
			);
			defaultConfigurationIsVisible = 0;
			defaultConfigurationName = Release;
		};
		84E5A899288553F600C76414 /* Build configuration list for PBXNativeTarget "OnTheMap" */ = {
			isa = XCConfigurationList;
			buildConfigurations = (
				84E5A89A288553F600C76414 /* Debug */,
				84E5A89B288553F600C76414 /* Release */,
			);
			defaultConfigurationIsVisible = 0;
			defaultConfigurationName = Release;
		};
/* End XCConfigurationList section */
	};
	rootObject = 84E5A87D288553F300C76414 /* Project object */;
}
